{
  "name": "AlmasDeAcero",
  "lockfileVersion": 3,
  "requires": true,
  "packages": {
    "": {
      "dependencies": {
        "cloudflared": "^0.7.0"
      }
    },
    "node_modules/cloudflared": {
      "version": "0.7.0",
      "resolved": "https://registry.npmjs.org/cloudflared/-/cloudflared-0.7.0.tgz",
      "integrity": "sha512-CB60WqD8N/ZoT3cNVlLai8X4fIk9bY3cfx7/7h8RAi1LDrEe/ioZS9Fin3ohr9pKrzXGStiYKtm6qPyFbx3S6w==",
      "hasInstallScript": true,
      "license": "MIT",
      "bin": {
        "cloudflared": "lib/cloudflared.js"
      }
    }
  }
}
